<?xml version="1.0" encoding="utf-8"?>
<!--
xmake version 3.0.3+HEAD.de7aca410

  This file is auto generated by xmake.

  Please DO NOT EDIT since all your modification will lost after re-generation.
  See https://github.com/xmake-io/xmake/pull/472 for more infomation.
-->
<Project ToolsVersion="4.0" xmlns="http://schemas.microsoft.com/developer/msbuild/2003">
  <ItemGroup>
    <Filter Include="Properties">
      <UniqueIdentifier>{CC7C6180-942D-056E-3227-E6A2B3FB19CD}</UniqueIdentifier>
    </Filter>
    <Filter Include="include">
      <UniqueIdentifier>{04CCF0D3-2EF0-416E-960B-AE7879D46B6B}</UniqueIdentifier>
    </Filter>
    <Filter Include="include\gtest">
      <UniqueIdentifier>{2E24C4B4-3A7D-4C44-86AA-29BA2D042DEE}</UniqueIdentifier>
    </Filter>
    <Filter Include="include\gtest\internal">
      <UniqueIdentifier>{BBB4CF4B-B6B9-4CA0-8CCD-A70D4C89F527}</UniqueIdentifier>
    </Filter>
    <Filter Include="include\gtest\internal\custom">
      <UniqueIdentifier>{B3765381-E22A-4F9B-B5FF-868D0754742F}</UniqueIdentifier>
    </Filter>
    <Filter Include="src">
      <UniqueIdentifier>{491FBF00-292E-479F-8C8F-7A2AC045023A}</UniqueIdentifier>
    </Filter>

  </ItemGroup>
  <ItemGroup>
    <None Include="$(MSBuildProjectDirectory)\Xmake.Custom.props">
      <Filter>Properties</Filter>
    </None>
    <None Include="$(MSBuildProjectDirectory)\Xmake.Custom.targets">
      <Filter>Properties</Filter>
    </None>
    <None Include="$(MSBuildProjectDirectory)\Xmake.Custom.items">
      <Filter>Properties</Filter>
    </None>
    <None Include="$(MSBuildProjectDirectory)\Xmake.Custom.items.filters">
      <Filter>Properties</Filter>
    </None>
    <None Include="$(XmakeScriptDir)\xmake.lua">
      <Filter>Properties</Filter>
    </None>
  </ItemGroup>
  <ItemGroup>
    <ClInclude Include="$(XmakeProjectDir)\Engine\Dependencies\GoogleTest\include\gtest\gtest-assertion-result.h">
      <Filter>include\gtest</Filter>
    </ClInclude>
    <ClInclude Include="$(XmakeProjectDir)\Engine\Dependencies\GoogleTest\include\gtest\gtest-death-test.h">
      <Filter>include\gtest</Filter>
    </ClInclude>
    <ClInclude Include="$(XmakeProjectDir)\Engine\Dependencies\GoogleTest\include\gtest\gtest-matchers.h">
      <Filter>include\gtest</Filter>
    </ClInclude>
    <ClInclude Include="$(XmakeProjectDir)\Engine\Dependencies\GoogleTest\include\gtest\gtest-message.h">
      <Filter>include\gtest</Filter>
    </ClInclude>
    <ClInclude Include="$(XmakeProjectDir)\Engine\Dependencies\GoogleTest\include\gtest\gtest-param-test.h">
      <Filter>include\gtest</Filter>
    </ClInclude>
    <ClInclude Include="$(XmakeProjectDir)\Engine\Dependencies\GoogleTest\include\gtest\gtest-printers.h">
      <Filter>include\gtest</Filter>
    </ClInclude>
    <ClInclude Include="$(XmakeProjectDir)\Engine\Dependencies\GoogleTest\include\gtest\gtest-spi.h">
      <Filter>include\gtest</Filter>
    </ClInclude>
    <ClInclude Include="$(XmakeProjectDir)\Engine\Dependencies\GoogleTest\include\gtest\gtest-test-part.h">
      <Filter>include\gtest</Filter>
    </ClInclude>
    <ClInclude Include="$(XmakeProjectDir)\Engine\Dependencies\GoogleTest\include\gtest\gtest-typed-test.h">
      <Filter>include\gtest</Filter>
    </ClInclude>
    <ClInclude Include="$(XmakeProjectDir)\Engine\Dependencies\GoogleTest\include\gtest\gtest.h">
      <Filter>include\gtest</Filter>
    </ClInclude>
    <ClInclude Include="$(XmakeProjectDir)\Engine\Dependencies\GoogleTest\include\gtest\gtest_pred_impl.h">
      <Filter>include\gtest</Filter>
    </ClInclude>
    <ClInclude Include="$(XmakeProjectDir)\Engine\Dependencies\GoogleTest\include\gtest\gtest_prod.h">
      <Filter>include\gtest</Filter>
    </ClInclude>
    <ClInclude Include="$(XmakeProjectDir)\Engine\Dependencies\GoogleTest\include\gtest\internal\custom\gtest-port.h">
      <Filter>include\gtest\internal\custom</Filter>
    </ClInclude>
    <ClInclude Include="$(XmakeProjectDir)\Engine\Dependencies\GoogleTest\include\gtest\internal\custom\gtest-printers.h">
      <Filter>include\gtest\internal\custom</Filter>
    </ClInclude>
    <ClInclude Include="$(XmakeProjectDir)\Engine\Dependencies\GoogleTest\include\gtest\internal\custom\gtest.h">
      <Filter>include\gtest\internal\custom</Filter>
    </ClInclude>
    <ClInclude Include="$(XmakeProjectDir)\Engine\Dependencies\GoogleTest\include\gtest\internal\gtest-death-test-internal.h">
      <Filter>include\gtest\internal</Filter>
    </ClInclude>
    <ClInclude Include="$(XmakeProjectDir)\Engine\Dependencies\GoogleTest\include\gtest\internal\gtest-filepath.h">
      <Filter>include\gtest\internal</Filter>
    </ClInclude>
    <ClInclude Include="$(XmakeProjectDir)\Engine\Dependencies\GoogleTest\include\gtest\internal\gtest-internal.h">
      <Filter>include\gtest\internal</Filter>
    </ClInclude>
    <ClInclude Include="$(XmakeProjectDir)\Engine\Dependencies\GoogleTest\include\gtest\internal\gtest-param-util.h">
      <Filter>include\gtest\internal</Filter>
    </ClInclude>
    <ClInclude Include="$(XmakeProjectDir)\Engine\Dependencies\GoogleTest\include\gtest\internal\gtest-port-arch.h">
      <Filter>include\gtest\internal</Filter>
    </ClInclude>
    <ClInclude Include="$(XmakeProjectDir)\Engine\Dependencies\GoogleTest\include\gtest\internal\gtest-port.h">
      <Filter>include\gtest\internal</Filter>
    </ClInclude>
    <ClInclude Include="$(XmakeProjectDir)\Engine\Dependencies\GoogleTest\include\gtest\internal\gtest-string.h">
      <Filter>include\gtest\internal</Filter>
    </ClInclude>
    <ClInclude Include="$(XmakeProjectDir)\Engine\Dependencies\GoogleTest\include\gtest\internal\gtest-type-util.h">
      <Filter>include\gtest\internal</Filter>
    </ClInclude>


  </ItemGroup>
  <ItemGroup>

    <ClCompile Include="$(XmakeProjectDir)\Engine\Dependencies\GoogleTest\src\gtest-all.cc">
      <Filter>src</Filter>
    </ClCompile>
    <ClCompile Include="$(XmakeProjectDir)\Engine\Dependencies\GoogleTest\src\gtest-assertion-result.cc">
      <Filter>src</Filter>
    </ClCompile>
    <ClCompile Include="$(XmakeProjectDir)\Engine\Dependencies\GoogleTest\src\gtest-death-test.cc">
      <Filter>src</Filter>
    </ClCompile>
    <ClCompile Include="$(XmakeProjectDir)\Engine\Dependencies\GoogleTest\src\gtest-filepath.cc">
      <Filter>src</Filter>
    </ClCompile>
    <ClCompile Include="$(XmakeProjectDir)\Engine\Dependencies\GoogleTest\src\gtest-matchers.cc">
      <Filter>src</Filter>
    </ClCompile>
    <ClCompile Include="$(XmakeProjectDir)\Engine\Dependencies\GoogleTest\src\gtest-port.cc">
      <Filter>src</Filter>
    </ClCompile>
    <ClCompile Include="$(XmakeProjectDir)\Engine\Dependencies\GoogleTest\src\gtest-printers.cc">
      <Filter>src</Filter>
    </ClCompile>
    <ClCompile Include="$(XmakeProjectDir)\Engine\Dependencies\GoogleTest\src\gtest-test-part.cc">
      <Filter>src</Filter>
    </ClCompile>
    <ClCompile Include="$(XmakeProjectDir)\Engine\Dependencies\GoogleTest\src\gtest-typed-test.cc">
      <Filter>src</Filter>
    </ClCompile>
    <ClCompile Include="$(XmakeProjectDir)\Engine\Dependencies\GoogleTest\src\gtest.cc">
      <Filter>src</Filter>
    </ClCompile>
    <ClCompile Include="$(XmakeProjectDir)\Engine\Dependencies\GoogleTest\src\gtest_main.cc">
      <Filter>src</Filter>
    </ClCompile>



  </ItemGroup>
  <ItemGroup>

  </ItemGroup>
  <ItemGroup>




  </ItemGroup>
  <Import Condition="Exists('$(MSBuildThisFileDirectory)\Xmake.Custom.files.filters')"
    Project="$(MSBuildThisFileDirectory)\Xmake.Custom.files.filters" />
</Project>
