Microsoft Visual Studio Solution File, Format Version 12.00
# Visual Studio Version 17.0
#
# xmake version 3.0.3+HEAD.de7aca410
#
#   This file is auto generated by xmake.
#
#   Please DO NOT EDIT since all your modification will lost after re-generation.
#   See https://github.com/xmake-io/xmake/pull/472 for more infomation.
#
VisualStudioVersion = 17.0
MinimumVisualStudioVersion = 10.0.40219.1
Project("{8BC9CEB8-8B4A-11D0-8D11-00A0C91BC942}") = "TestGame", "Game\TestGame\TestGame.vcxproj", "{E487B61D-1D51-437A-A8F8-9D685AB60C6A}"
EndProject
Project("{8BC9CEB8-8B4A-11D0-8D11-00A0C91BC942}") = "Engine", "Engine\Engine.vcxproj", "{28BADE4B-ACF5-4E29-BC75-898670B6C78F}"
EndProject


Project("{2150E333-8FDC-42A3-9474-1A3956D46DE8}") = "Properties", "Properties", "{007754BD-BB1F-452F-A0D8-13EF216C5ED9}"
	ProjectSection(SolutionItems) = preProject
		Xmake.Custom.props = Xmake.Custom.props
		Xmake.Custom.targets = Xmake.Custom.targets
		xmake.lua = xmake.lua
	EndProjectSection
EndProject
Global
	GlobalSection(SolutionConfigurationPlatforms) = preSolution
		Debug|x64 = Debug|x64
		Dist|x64 = Dist|x64
		Release|x64 = Release|x64
		Test|x64 = Test|x64
	EndGlobalSection
	GlobalSection(ProjectConfigurationPlatforms) = postSolution
		{E487B61D-1D51-437A-A8F8-9D685AB60C6A}.Debug|x64.ActiveCfg = Debug|x64
		{E487B61D-1D51-437A-A8F8-9D685AB60C6A}.Debug|x64.Build.0 = Debug|x64
		{28BADE4B-ACF5-4E29-BC75-898670B6C78F}.Debug|x64.ActiveCfg = Debug|x64
		{28BADE4B-ACF5-4E29-BC75-898670B6C78F}.Debug|x64.Build.0 = Debug|x64
		{E487B61D-1D51-437A-A8F8-9D685AB60C6A}.Dist|x64.ActiveCfg = Dist|x64
		{E487B61D-1D51-437A-A8F8-9D685AB60C6A}.Dist|x64.Build.0 = Dist|x64
		{28BADE4B-ACF5-4E29-BC75-898670B6C78F}.Dist|x64.ActiveCfg = Dist|x64
		{28BADE4B-ACF5-4E29-BC75-898670B6C78F}.Dist|x64.Build.0 = Dist|x64
		{E487B61D-1D51-437A-A8F8-9D685AB60C6A}.Release|x64.ActiveCfg = Release|x64
		{E487B61D-1D51-437A-A8F8-9D685AB60C6A}.Release|x64.Build.0 = Release|x64
		{28BADE4B-ACF5-4E29-BC75-898670B6C78F}.Release|x64.ActiveCfg = Release|x64
		{28BADE4B-ACF5-4E29-BC75-898670B6C78F}.Release|x64.Build.0 = Release|x64
		{E487B61D-1D51-437A-A8F8-9D685AB60C6A}.Test|x64.ActiveCfg = Test|x64
		{E487B61D-1D51-437A-A8F8-9D685AB60C6A}.Test|x64.Build.0 = Test|x64
		{28BADE4B-ACF5-4E29-BC75-898670B6C78F}.Test|x64.ActiveCfg = Test|x64
		{28BADE4B-ACF5-4E29-BC75-898670B6C78F}.Test|x64.Build.0 = Test|x64
	EndGlobalSection
	GlobalSection(SolutionProperties) = preSolution
		HideSolutionNode = FALSE
	EndGlobalSection
	GlobalSection(NestedProjects) = preSolution
	EndGlobalSection
	GlobalSection(ExtensibilityGlobals) = postSolution
		SolutionGuid = {47CE0214-EEF7-4E9B-A3E0-E2EF99E41E2F}
	EndGlobalSection
EndGlobal
