<?xml version="1.0" encoding="utf-8"?>
<!--
xmake version 3.0.5+dev.7ee27a5e5

  This file is auto generated by xmake.

  Please DO NOT EDIT since all your modification will lost after re-generation.
  See https://github.com/xmake-io/xmake/pull/472 for more infomation.
-->
<Project ToolsVersion="4.0" xmlns="http://schemas.microsoft.com/developer/msbuild/2003">
  <ItemGroup>
    <Filter Include="Properties">
      <UniqueIdentifier>{CC7C6180-942D-056E-3227-E6A2B3FB19CD}</UniqueIdentifier>
    </Filter>
    <Filter Include="Source">
      <UniqueIdentifier>{294D11A6-2F7D-4975-A9F7-CC719E221146}</UniqueIdentifier>
    </Filter>
    <Filter Include="Source\Application">
      <UniqueIdentifier>{608A61E3-7EA5-4E95-BD7B-2B3F1A948F03}</UniqueIdentifier>
    </Filter>
    <Filter Include="Source\Application\Engine">
      <UniqueIdentifier>{986A7281-59BE-4CF7-A1AA-ABE7B6E5EB7C}</UniqueIdentifier>
    </Filter>
    <Filter Include="Source\Application\Launch">
      <UniqueIdentifier>{EA203872-EE83-4AC2-8A55-5ABBCD95C2B1}</UniqueIdentifier>
    </Filter>
    <Filter Include="Source\Application\Launch\Windows">
      <UniqueIdentifier>{F81EA32C-7ADA-4D3F-9AE9-C24F2B9F44CE}</UniqueIdentifier>
    </Filter>
    <Filter Include="Source\Core">
      <UniqueIdentifier>{403BA268-673A-4F91-97BB-2A99A2239770}</UniqueIdentifier>
    </Filter>
    <Filter Include="Source\Core\Alog">
      <UniqueIdentifier>{F570B8CA-3472-45A5-B54B-B52831EB20C7}</UniqueIdentifier>
    </Filter>
    <Filter Include="Source\Core\Concept">
      <UniqueIdentifier>{CAC753FA-F1F3-47F9-B97A-616BB3B34707}</UniqueIdentifier>
    </Filter>
    <Filter Include="Source\Core\Container">
      <UniqueIdentifier>{E82D2069-ECF4-407C-9A19-CFA2A05B8908}</UniqueIdentifier>
    </Filter>
    <Filter Include="Source\Core\Container\Allocator">
      <UniqueIdentifier>{D0CE056E-F54D-47F8-8F8F-A789C8CFA5F0}</UniqueIdentifier>
    </Filter>
    <Filter Include="Source\Core\Container\Iterator">
      <UniqueIdentifier>{EA6739B1-4129-4EE9-8922-3BBE86240686}</UniqueIdentifier>
    </Filter>
    <Filter Include="Source\Core\Diagnosis">
      <UniqueIdentifier>{D5F0D99E-EE3C-4FE9-8199-DC08B976313B}</UniqueIdentifier>
    </Filter>
    <Filter Include="Source\Core\FileSystem">
      <UniqueIdentifier>{1D93E4CD-7530-40C3-BE44-D4F282A61F71}</UniqueIdentifier>
    </Filter>
    <Filter Include="Source\Core\Math">
      <UniqueIdentifier>{B444B4EC-240C-4959-9063-FF53A03E3EFF}</UniqueIdentifier>
    </Filter>
    <Filter Include="Source\Core\Memory">
      <UniqueIdentifier>{5AD0C2C8-7CBA-4F88-865D-FE41C684992A}</UniqueIdentifier>
    </Filter>
    <Filter Include="Source\Core\String">
      <UniqueIdentifier>{218CC711-738F-4F71-A590-4CAD546F4B93}</UniqueIdentifier>
    </Filter>
    <Filter Include="Source\Core\Thread">
      <UniqueIdentifier>{4BF50084-1223-498C-9A46-7A11514CA74C}</UniqueIdentifier>
    </Filter>
    <Filter Include="Source\Core\Time">
      <UniqueIdentifier>{B6F08AE4-46D6-4E62-BBC4-FFD17199BC94}</UniqueIdentifier>
    </Filter>
    <Filter Include="Source\Module">
      <UniqueIdentifier>{547C8B36-886F-468F-A5D2-2259379D34D0}</UniqueIdentifier>
    </Filter>
    <Filter Include="Source\Module\Clipboard">
      <UniqueIdentifier>{F83E84BF-EB77-411B-8EEF-20AE0E64AA17}</UniqueIdentifier>
    </Filter>
    <Filter Include="Source\Module\Color">
      <UniqueIdentifier>{C36BF99E-863E-4CBD-8D2B-58AE11789185}</UniqueIdentifier>
    </Filter>
    <Filter Include="Source\Module\Config">
      <UniqueIdentifier>{B0EFF8D8-A86D-462F-819C-E0B71C9C9B54}</UniqueIdentifier>
    </Filter>
    <Filter Include="Source\Module\Console">
      <UniqueIdentifier>{78BB9524-0293-443E-8481-9A8995C27E7F}</UniqueIdentifier>
    </Filter>
    <Filter Include="Source\Module\ConsoleOld">
      <UniqueIdentifier>{17AD9352-7215-4AA2-A787-2F13B17E534D}</UniqueIdentifier>
    </Filter>
    <Filter Include="Source\Module\ConsoleOld\Windows1">
      <UniqueIdentifier>{F476DDA7-EFD4-4BCF-B644-CA256CC10CB8}</UniqueIdentifier>
    </Filter>
    <Filter Include="Source\Module\Console\Windows">
      <UniqueIdentifier>{A5BA1553-CCF6-47F7-A080-EDF90BE045A6}</UniqueIdentifier>
    </Filter>
    <Filter Include="Source\Module\Device">
      <UniqueIdentifier>{0D9C4764-B409-4DFA-9B15-A824E7080620}</UniqueIdentifier>
    </Filter>
    <Filter Include="Source\Module\Device\InputDevice">
      <UniqueIdentifier>{6401F638-3636-46B5-8AF1-4E488D90C7ED}</UniqueIdentifier>
    </Filter>
    <Filter Include="Source\Module\Event">
      <UniqueIdentifier>{C542CC72-7B8F-4F90-976D-C69074E98452}</UniqueIdentifier>
    </Filter>
    <Filter Include="Source\Module\GUID">
      <UniqueIdentifier>{5E058919-3916-49F2-AC2B-DCE71B28CCD0}</UniqueIdentifier>
    </Filter>
    <Filter Include="Source\Module\Input">
      <UniqueIdentifier>{E42E51DC-385B-4A67-BEEB-B1FA339A6DF0}</UniqueIdentifier>
    </Filter>
    <Filter Include="Source\Module\JSON">
      <UniqueIdentifier>{99BE3771-4ECF-4C7F-9AB7-9DE1D51B2335}</UniqueIdentifier>
    </Filter>
    <Filter Include="Source\Module\Log">
      <UniqueIdentifier>{1B4CCA6D-E61A-4734-93F2-B418918EDC8C}</UniqueIdentifier>
    </Filter>
    <Filter Include="Source\Module\RHI">
      <UniqueIdentifier>{22A6C1E0-1DAF-410A-95FD-6EF2AC0F6E92}</UniqueIdentifier>
    </Filter>
    <Filter Include="Source\Module\RHI\Vulkan">
      <UniqueIdentifier>{B336CBEC-C591-4B2B-8B8A-2F264CEC71B8}</UniqueIdentifier>
    </Filter>
    <Filter Include="Source\Module\Resource">
      <UniqueIdentifier>{DECB9602-1F04-4E70-A9F6-5980717FA60F}</UniqueIdentifier>
    </Filter>
    <Filter Include="Source\Module\Settings">
      <UniqueIdentifier>{B73C9EA9-CABA-46BA-9938-9DA310190858}</UniqueIdentifier>
    </Filter>
    <Filter Include="Source\Module\SystemTray">
      <UniqueIdentifier>{C0D22778-D0E4-494C-A129-FACE3C2D3828}</UniqueIdentifier>
    </Filter>
    <Filter Include="Source\Module\Taskbar">
      <UniqueIdentifier>{250874EE-B6BD-44EC-A6FD-64C9A5471A64}</UniqueIdentifier>
    </Filter>
    <Filter Include="Source\Module\Window">
      <UniqueIdentifier>{B343C7ED-0927-45E6-9342-C909C63EC533}</UniqueIdentifier>
    </Filter>
    <Filter Include="Source\Module\Window\Windows">
      <UniqueIdentifier>{012CF9D8-4592-48CD-BAA7-312E05469D46}</UniqueIdentifier>
    </Filter>
    <Filter Include="Source\Platform">
      <UniqueIdentifier>{C020D25B-E76E-4CF8-A251-F2914A22CDEC}</UniqueIdentifier>
    </Filter>
    <Filter Include="Source\Platform\Windows">
      <UniqueIdentifier>{4AF40CB8-9B23-444E-B9B6-C06CF76E5E2A}</UniqueIdentifier>
    </Filter>
    <Filter Include="Source\Service">
      <UniqueIdentifier>{0212E431-8C0B-4192-BF40-9783E2B9ED63}</UniqueIdentifier>
    </Filter>
    <Filter Include="Source\Service\FrameService">
      <UniqueIdentifier>{10216931-F564-4956-B588-F87A824B9F5E}</UniqueIdentifier>
    </Filter>
    <Filter Include="Source\Service\RenderService">
      <UniqueIdentifier>{8EE55435-E4BA-4349-B5B2-10A03D0667CA}</UniqueIdentifier>
    </Filter>
    <Filter Include="Source\Service\WindowService">
      <UniqueIdentifier>{F5813989-8CA6-40CD-934F-8E5428750F46}</UniqueIdentifier>
    </Filter>
  </ItemGroup>
  <ItemGroup>
    <None Include="$(MSBuildProjectDirectory)\Xmake.Custom.props">
      <Filter>Properties</Filter>
    </None>
    <None Include="$(MSBuildProjectDirectory)\Xmake.Custom.targets">
      <Filter>Properties</Filter>
    </None>
    <None Include="$(MSBuildProjectDirectory)\Xmake.Custom.items">
      <Filter>Properties</Filter>
    </None>
    <None Include="$(MSBuildProjectDirectory)\Xmake.Custom.items.filters">
      <Filter>Properties</Filter>
    </None>
  </ItemGroup>
  <ItemGroup>
    <ClInclude Include="$(XmakeProjectDir)\Engine\Source\Application\Application.h">
      <Filter>Source\Application</Filter>
    </ClInclude>
    <ClInclude Include="$(XmakeProjectDir)\Engine\Source\Application\Engine\Engine.h">
      <Filter>Source\Application\Engine</Filter>
    </ClInclude>
    <ClInclude Include="$(XmakeProjectDir)\Engine\Source\Core\Alog\Alog.h">
      <Filter>Source\Core\Alog</Filter>
    </ClInclude>
    <ClInclude Include="$(XmakeProjectDir)\Engine\Source\Core\Concept\Concept.h">
      <Filter>Source\Core\Concept</Filter>
    </ClInclude>
    <ClInclude Include="$(XmakeProjectDir)\Engine\Source\Core\Container\Allocator\Allocator.h">
      <Filter>Source\Core\Container\Allocator</Filter>
    </ClInclude>
    <ClInclude Include="$(XmakeProjectDir)\Engine\Source\Core\Container\Array.h">
      <Filter>Source\Core\Container</Filter>
    </ClInclude>
    <ClInclude Include="$(XmakeProjectDir)\Engine\Source\Core\Container\Iterator\Iterator.h">
      <Filter>Source\Core\Container\Iterator</Filter>
    </ClInclude>
    <ClInclude Include="$(XmakeProjectDir)\Engine\Source\Core\Container\List.h">
      <Filter>Source\Core\Container</Filter>
    </ClInclude>
    <ClInclude Include="$(XmakeProjectDir)\Engine\Source\Core\Container\Map.h">
      <Filter>Source\Core\Container</Filter>
    </ClInclude>
    <ClInclude Include="$(XmakeProjectDir)\Engine\Source\Core\Container\Queue.h">
      <Filter>Source\Core\Container</Filter>
    </ClInclude>
    <ClInclude Include="$(XmakeProjectDir)\Engine\Source\Core\Container\Stack.h">
      <Filter>Source\Core\Container</Filter>
    </ClInclude>
    <ClInclude Include="$(XmakeProjectDir)\Engine\Source\Core\Core.h">
      <Filter>Source\Core</Filter>
    </ClInclude>
    <ClInclude Include="$(XmakeProjectDir)\Engine\Source\Core\Diagnosis\SourceInfo.h">
      <Filter>Source\Core\Diagnosis</Filter>
    </ClInclude>
    <ClInclude Include="$(XmakeProjectDir)\Engine\Source\Core\FileSystem\DeviceFile.h">
      <Filter>Source\Core\FileSystem</Filter>
    </ClInclude>
    <ClInclude Include="$(XmakeProjectDir)\Engine\Source\Core\FileSystem\Directory.h">
      <Filter>Source\Core\FileSystem</Filter>
    </ClInclude>
    <ClInclude Include="$(XmakeProjectDir)\Engine\Source\Core\FileSystem\FIFOFile.h">
      <Filter>Source\Core\FileSystem</Filter>
    </ClInclude>
    <ClInclude Include="$(XmakeProjectDir)\Engine\Source\Core\FileSystem\File.h">
      <Filter>Source\Core\FileSystem</Filter>
    </ClInclude>
    <ClInclude Include="$(XmakeProjectDir)\Engine\Source\Core\FileSystem\FileEntry.h">
      <Filter>Source\Core\FileSystem</Filter>
    </ClInclude>
    <ClInclude Include="$(XmakeProjectDir)\Engine\Source\Core\FileSystem\FileSystem.h">
      <Filter>Source\Core\FileSystem</Filter>
    </ClInclude>
    <ClInclude Include="$(XmakeProjectDir)\Engine\Source\Core\FileSystem\SocketFile.h">
      <Filter>Source\Core\FileSystem</Filter>
    </ClInclude>
    <ClInclude Include="$(XmakeProjectDir)\Engine\Source\Core\FileSystem\Symlink.h">
      <Filter>Source\Core\FileSystem</Filter>
    </ClInclude>
    <ClInclude Include="$(XmakeProjectDir)\Engine\Source\Core\Math\Math.h">
      <Filter>Source\Core\Math</Filter>
    </ClInclude>
    <ClInclude Include="$(XmakeProjectDir)\Engine\Source\Core\Math\Radian.h">
      <Filter>Source\Core\Math</Filter>
    </ClInclude>
    <ClInclude Include="$(XmakeProjectDir)\Engine\Source\Core\Math\Vector3.h">
      <Filter>Source\Core\Math</Filter>
    </ClInclude>
    <ClInclude Include="$(XmakeProjectDir)\Engine\Source\Core\Math\Vector4.h">
      <Filter>Source\Core\Math</Filter>
    </ClInclude>
    <ClInclude Include="$(XmakeProjectDir)\Engine\Source\Core\Memory\ByteArray.h">
      <Filter>Source\Core\Memory</Filter>
    </ClInclude>
    <ClInclude Include="$(XmakeProjectDir)\Engine\Source\Core\Memory\Memory.h">
      <Filter>Source\Core\Memory</Filter>
    </ClInclude>
    <ClInclude Include="$(XmakeProjectDir)\Engine\Source\Core\Memory\RAII.h">
      <Filter>Source\Core\Memory</Filter>
    </ClInclude>
    <ClInclude Include="$(XmakeProjectDir)\Engine\Source\Core\String\Char.h">
      <Filter>Source\Core\String</Filter>
    </ClInclude>
    <ClInclude Include="$(XmakeProjectDir)\Engine\Source\Core\String\Convert.h">
      <Filter>Source\Core\String</Filter>
    </ClInclude>
    <ClInclude Include="$(XmakeProjectDir)\Engine\Source\Core\String\String.h">
      <Filter>Source\Core\String</Filter>
    </ClInclude>
    <ClInclude Include="$(XmakeProjectDir)\Engine\Source\Core\String\TString.h">
      <Filter>Source\Core\String</Filter>
    </ClInclude>
    <ClInclude Include="$(XmakeProjectDir)\Engine\Source\Core\Thread\Mutex.h">
      <Filter>Source\Core\Thread</Filter>
    </ClInclude>
    <ClInclude Include="$(XmakeProjectDir)\Engine\Source\Core\Thread\Semaphore.h">
      <Filter>Source\Core\Thread</Filter>
    </ClInclude>
    <ClInclude Include="$(XmakeProjectDir)\Engine\Source\Core\Thread\Thread.h">
      <Filter>Source\Core\Thread</Filter>
    </ClInclude>
    <ClInclude Include="$(XmakeProjectDir)\Engine\Source\Core\Thread\WaitCondition.h">
      <Filter>Source\Core\Thread</Filter>
    </ClInclude>
    <ClInclude Include="$(XmakeProjectDir)\Engine\Source\Core\Time\Clock.h">
      <Filter>Source\Core\Time</Filter>
    </ClInclude>
    <ClInclude Include="$(XmakeProjectDir)\Engine\Source\Core\Time\DateTime.h">
      <Filter>Source\Core\Time</Filter>
    </ClInclude>
    <ClInclude Include="$(XmakeProjectDir)\Engine\Source\Core\Time\Duration.h">
      <Filter>Source\Core\Time</Filter>
    </ClInclude>
    <ClInclude Include="$(XmakeProjectDir)\Engine\Source\Core\Time\Time.h">
      <Filter>Source\Core\Time</Filter>
    </ClInclude>
    <ClInclude Include="$(XmakeProjectDir)\Engine\Source\Core\Time\TimePoint.h">
      <Filter>Source\Core\Time</Filter>
    </ClInclude>
    <ClInclude Include="$(XmakeProjectDir)\Engine\Source\Module\Clipboard\Clipboard.h">
      <Filter>Source\Module\Clipboard</Filter>
    </ClInclude>
    <ClInclude Include="$(XmakeProjectDir)\Engine\Source\Module\Color\Color.h">
      <Filter>Source\Module\Color</Filter>
    </ClInclude>
    <ClInclude Include="$(XmakeProjectDir)\Engine\Source\Module\Config\Config.h">
      <Filter>Source\Module\Config</Filter>
    </ClInclude>
    <ClInclude Include="$(XmakeProjectDir)\Engine\Source\Module\ConsoleOld\Console1.h">
      <Filter>Source\Module\ConsoleOld</Filter>
    </ClInclude>
    <ClInclude Include="$(XmakeProjectDir)\Engine\Source\Module\ConsoleOld\Windows1\WindowsConsole1.h">
      <Filter>Source\Module\ConsoleOld\Windows1</Filter>
    </ClInclude>
    <ClInclude Include="$(XmakeProjectDir)\Engine\Source\Module\Console\Console.h">
      <Filter>Source\Module\Console</Filter>
    </ClInclude>
    <ClInclude Include="$(XmakeProjectDir)\Engine\Source\Module\Console\Windows\WindowsConsole.h">
      <Filter>Source\Module\Console\Windows</Filter>
    </ClInclude>
    <ClInclude Include="$(XmakeProjectDir)\Engine\Source\Module\Device\Device.h">
      <Filter>Source\Module\Device</Filter>
    </ClInclude>
    <ClInclude Include="$(XmakeProjectDir)\Engine\Source\Module\Device\InputDevice\InputDevice.h">
      <Filter>Source\Module\Device\InputDevice</Filter>
    </ClInclude>
    <ClInclude Include="$(XmakeProjectDir)\Engine\Source\Module\Event\Event.h">
      <Filter>Source\Module\Event</Filter>
    </ClInclude>
    <ClInclude Include="$(XmakeProjectDir)\Engine\Source\Module\GUID\GUID.h">
      <Filter>Source\Module\GUID</Filter>
    </ClInclude>
    <ClInclude Include="Source\Module\Module.h">
      <Filter>Source\Module</Filter>
    </ClInclude>
    <ClInclude Include="$(XmakeProjectDir)\Engine\Source\Module\Input\Input.h">
      <Filter>Source\Module\Input</Filter>
    </ClInclude>
    <ClInclude Include="$(XmakeProjectDir)\Engine\Source\Module\JSON\JSON.h">
      <Filter>Source\Module\JSON</Filter>
    </ClInclude>
    <ClInclude Include="$(XmakeProjectDir)\Engine\Source\Module\Log\Log.h">
      <Filter>Source\Module\Log</Filter>
    </ClInclude>
    <ClInclude Include="$(XmakeProjectDir)\Engine\Source\Module\RHI\RHI.h">
      <Filter>Source\Module\RHI</Filter>
    </ClInclude>
    <ClInclude Include="$(XmakeProjectDir)\Engine\Source\Module\RHI\Vulkan\VulkanRHI.h">
      <Filter>Source\Module\RHI\Vulkan</Filter>
    </ClInclude>
    <ClInclude Include="$(XmakeProjectDir)\Engine\Source\Module\Resource\Image.h">
      <Filter>Source\Module\Resource</Filter>
    </ClInclude>
    <ClInclude Include="$(XmakeProjectDir)\Engine\Source\Module\Settings\Settings.h">
      <Filter>Source\Module\Settings</Filter>
    </ClInclude>
    <ClInclude Include="$(XmakeProjectDir)\Engine\Source\Module\SystemTray\SystemTray.h">
      <Filter>Source\Module\SystemTray</Filter>
    </ClInclude>
    <ClInclude Include="$(XmakeProjectDir)\Engine\Source\Module\Taskbar\Taskbar.h">
      <Filter>Source\Module\Taskbar</Filter>
    </ClInclude>
    <ClInclude Include="$(XmakeProjectDir)\Engine\Source\Module\Window\Window.h">
      <Filter>Source\Module\Window</Filter>
    </ClInclude>
    <ClInclude Include="$(XmakeProjectDir)\Engine\Source\Module\Window\Windows\WindowsWindow.h">
      <Filter>Source\Module\Window\Windows</Filter>
    </ClInclude>
    <ClInclude Include="$(XmakeProjectDir)\Engine\Source\Platform\CoreType.h">
      <Filter>Source\Platform</Filter>
    </ClInclude>
    <ClInclude Include="$(XmakeProjectDir)\Engine\Source\Platform\Platform.h">
      <Filter>Source\Platform</Filter>
    </ClInclude>
    <ClInclude Include="$(XmakeProjectDir)\Engine\Source\Platform\Windows\WindowsPlatform.h">
      <Filter>Source\Platform\Windows</Filter>
    </ClInclude>
    <ClInclude Include="$(XmakeProjectDir)\Engine\Source\Service\FrameService\FrameService.h">
      <Filter>Source\Service\FrameService</Filter>
    </ClInclude>
    <ClInclude Include="$(XmakeProjectDir)\Engine\Source\Service\GlobalService.h">
      <Filter>Source\Service</Filter>
    </ClInclude>
    <ClInclude Include="$(XmakeProjectDir)\Engine\Source\Service\RenderService\RenderService.h">
      <Filter>Source\Service\RenderService</Filter>
    </ClInclude>
    <ClInclude Include="$(XmakeProjectDir)\Engine\Source\Service\Service.h">
      <Filter>Source\Service</Filter>
    </ClInclude>
    <ClInclude Include="$(XmakeProjectDir)\Engine\Source\Service\WindowService\WindowService.h">
      <Filter>Source\Service\WindowService</Filter>
    </ClInclude>
    <ClInclude Include="$(XmakeProjectDir)\Engine\Source\pch.h">
      <Filter>Source</Filter>
    </ClInclude>
  </ItemGroup>
  <ItemGroup>
    <ClCompile Include="$(XmakeProjectDir)\Engine\Source\Application\Application.cpp">
      <Filter>Source\Application</Filter>
    </ClCompile>
    <ClCompile Include="$(XmakeProjectDir)\Engine\Source\Application\Engine\Engine.cpp">
      <Filter>Source\Application\Engine</Filter>
    </ClCompile>
    <ClCompile Include="$(XmakeProjectDir)\Engine\Source\Application\Launch\Windows\WindowsLaunch.cpp">
      <Filter>Source\Application\Launch\Windows</Filter>
    </ClCompile>
    <ClCompile Include="$(XmakeProjectDir)\Engine\Source\Core\FileSystem\FileSystem.cpp">
      <Filter>Source\Core\FileSystem</Filter>
    </ClCompile>
    <ClCompile Include="$(XmakeProjectDir)\Engine\Source\Core\Memory\ByteArray.cpp">
      <Filter>Source\Core\Memory</Filter>
    </ClCompile>
    <ClCompile Include="$(XmakeProjectDir)\Engine\Source\Core\String\Char.cpp">
      <Filter>Source\Core\String</Filter>
    </ClCompile>
    <ClCompile Include="$(XmakeProjectDir)\Engine\Source\Core\String\Convert.cpp">
      <Filter>Source\Core\String</Filter>
    </ClCompile>
    <ClCompile Include="$(XmakeProjectDir)\Engine\Source\Core\String\String.cpp">
      <Filter>Source\Core\String</Filter>
    </ClCompile>
    <ClCompile Include="$(XmakeProjectDir)\Engine\Source\Core\Time\DateTime.cpp">
      <Filter>Source\Core\Time</Filter>
    </ClCompile>
    <ClCompile Include="$(XmakeProjectDir)\Engine\Source\Module\ConsoleOld\Console1.cpp">
      <Filter>Source\Module\ConsoleOld</Filter>
    </ClCompile>
    <ClCompile Include="$(XmakeProjectDir)\Engine\Source\Module\ConsoleOld\Windows1\WindowsConsole1.cpp">
      <Filter>Source\Module\ConsoleOld\Windows1</Filter>
    </ClCompile>
    <ClCompile Include="$(XmakeProjectDir)\Engine\Source\Module\Console\Console.cpp">
      <Filter>Source\Module\Console</Filter>
    </ClCompile>
    <ClCompile Include="$(XmakeProjectDir)\Engine\Source\Module\Console\Windows\WindowsConsole.cpp">
      <Filter>Source\Module\Console\Windows</Filter>
    </ClCompile>
    <ClCompile Include="$(XmakeProjectDir)\Engine\Source\Module\Input\Input.cpp">
      <Filter>Source\Module\Input</Filter>
    </ClCompile>
    <ClCompile Include="$(XmakeProjectDir)\Engine\Source\Module\RHI\RHI.cpp">
      <Filter>Source\Module\RHI</Filter>
    </ClCompile>
    <ClCompile Include="$(XmakeProjectDir)\Engine\Source\Module\RHI\Vulkan\VulkanRHI.cpp">
      <Filter>Source\Module\RHI\Vulkan</Filter>
    </ClCompile>
    <ClCompile Include="$(XmakeProjectDir)\Engine\Source\Module\Settings\Settings.cpp">
      <Filter>Source\Module\Settings</Filter>
    </ClCompile>
    <ClCompile Include="$(XmakeProjectDir)\Engine\Source\Module\Window\Window.cpp">
      <Filter>Source\Module\Window</Filter>
    </ClCompile>
    <ClCompile Include="$(XmakeProjectDir)\Engine\Source\Module\Window\Windows\WindowsWindow.cpp">
      <Filter>Source\Module\Window\Windows</Filter>
    </ClCompile>
    <ClCompile Include="$(XmakeProjectDir)\Engine\Source\Platform\Windows\WindowsPlatform.cpp">
      <Filter>Source\Platform\Windows</Filter>
    </ClCompile>
    <ClCompile Include="$(XmakeProjectDir)\Engine\Source\Service\FrameService\FrameService.cpp">
      <Filter>Source\Service\FrameService</Filter>
    </ClCompile>
    <ClCompile Include="$(XmakeProjectDir)\Engine\Source\Service\RenderService\RenderService.cpp">
      <Filter>Source\Service\RenderService</Filter>
    </ClCompile>
    <ClCompile Include="$(XmakeProjectDir)\Engine\Source\Service\WindowService\WindowService.cpp">
      <Filter>Source\Service\WindowService</Filter>
    </ClCompile>
    <ClCompile Include="$(XmakeProjectDir)\Engine\Source\pch.cpp">
      <Filter>Source</Filter>
    </ClCompile>
  </ItemGroup>
  <ItemGroup>
  </ItemGroup>
  <ItemGroup>
  </ItemGroup>
  <Import Condition="Exists('$(MSBuildThisFileDirectory)\Xmake.Custom.files.filters')" Project="$(MSBuildThisFileDirectory)\Xmake.Custom.files.filters" />
</Project>