<?xml version="1.0" encoding="utf-8"?>
<Project ToolsVersion="4.0" xmlns="http://schemas.microsoft.com/developer/msbuild/2003">
  <ItemGroup>
    <Filter Include="Application">
      <UniqueIdentifier>{D9DE78AF-4594-F1A4-CE88-EB7B3A3DE8A8}</UniqueIdentifier>
    </Filter>
    <Filter Include="Core">
      <UniqueIdentifier>{2EB4837C-1AEB-840D-C3D7-6A10AFED000F}</UniqueIdentifier>
    </Filter>
    <Filter Include="Function">
      <UniqueIdentifier>{2B9CE94B-1769-4457-4082-32FF2CAE79E5}</UniqueIdentifier>
    </Filter>
    <Filter Include="Function\Console">
      <UniqueIdentifier>{4DAE341B-39A7-536D-62D9-38F24E313379}</UniqueIdentifier>
    </Filter>
    <Filter Include="Launch">
      <UniqueIdentifier>{E06644C0-CC08-6F96-B5C3-82EAA104F6E6}</UniqueIdentifier>
    </Filter>
    <Filter Include="Launch\Windows">
      <UniqueIdentifier>{1AF13ACC-06BF-2ED2-EF52-9FF8DBBF0A37}</UniqueIdentifier>
    </Filter>
    <Filter Include="Platform">
      <UniqueIdentifier>{2AC788B4-1694-E3BF-3FAD-D1672BD9184E}</UniqueIdentifier>
    </Filter>
    <Filter Include="Platform\Windows">
      <UniqueIdentifier>{64FBD71A-50F4-F66C-7926-DCF1657ED678}</UniqueIdentifier>
    </Filter>
  </ItemGroup>
  <ItemGroup>
    <ClInclude Include="Source\Application\Application.h">
      <Filter>Application</Filter>
    </ClInclude>
    <ClInclude Include="Source\Core\Core.h">
      <Filter>Core</Filter>
    </ClInclude>
    <ClInclude Include="Source\Function\Console\Console.h">
      <Filter>Function\Console</Filter>
    </ClInclude>
    <ClInclude Include="Source\Platform\Platform.h">
      <Filter>Platform</Filter>
    </ClInclude>
    <ClInclude Include="Source\Platform\Windows\WindowsConsole.h">
      <Filter>Platform\Windows</Filter>
    </ClInclude>
    <ClInclude Include="Source\Platform\Windows\WindowsPlatform.h">
      <Filter>Platform\Windows</Filter>
    </ClInclude>
    <ClInclude Include="Source\pch.h" />
  </ItemGroup>
  <ItemGroup>
    <ClCompile Include="Source\Application\Application.cpp">
      <Filter>Application</Filter>
    </ClCompile>
    <ClCompile Include="Source\Function\Console\Console.cpp">
      <Filter>Function\Console</Filter>
    </ClCompile>
    <ClCompile Include="Source\Launch\Windows\WindowsLaunch.cpp">
      <Filter>Launch\Windows</Filter>
    </ClCompile>
    <ClCompile Include="Source\Platform\Windows\WindowsConsole.cpp">
      <Filter>Platform\Windows</Filter>
    </ClCompile>
    <ClCompile Include="Source\Platform\Windows\WindowsPlatform.cpp">
      <Filter>Platform\Windows</Filter>
    </ClCompile>
    <ClCompile Include="Source\pch.cpp" />
  </ItemGroup>
  <ItemGroup>
    <None Include="Source\Launch\Windows\WindowsExport.def">
      <Filter>Launch\Windows</Filter>
    </None>
  </ItemGroup>
</Project>