<?xml version="1.0" encoding="utf-8"?>
<!--
xmake version 3.0.5+dev.7ee27a5e5

  This file is auto generated by xmake.

  Please DO NOT EDIT since all your modification will lost after re-generation.
  See https://github.com/xmake-io/xmake/pull/472 for more infomation.
-->
<Project ToolsVersion="4.0" xmlns="http://schemas.microsoft.com/developer/msbuild/2003">
  <ItemGroup>
    <Filter Include="Properties">
      <UniqueIdentifier>{CC7C6180-942D-056E-3227-E6A2B3FB19CD}</UniqueIdentifier>
    </Filter>
    <Filter Include="Source">
      <UniqueIdentifier>{294D11A6-2F7D-4975-A9F7-CC719E221146}</UniqueIdentifier>
    </Filter>
    <Filter Include="Source\Application">
      <UniqueIdentifier>{608A61E3-7EA5-4E95-BD7B-2B3F1A948F03}</UniqueIdentifier>
    </Filter>
    <Filter Include="Source\Application\Engine">
      <UniqueIdentifier>{986A7281-59BE-4CF7-A1AA-ABE7B6E5EB7C}</UniqueIdentifier>
    </Filter>
    <Filter Include="Source\Application\Launch">
      <UniqueIdentifier>{EA203872-EE83-4AC2-8A55-5ABBCD95C2B1}</UniqueIdentifier>
    </Filter>
    <Filter Include="Source\Application\Launch\Windows">
      <UniqueIdentifier>{F81EA32C-7ADA-4D3F-9AE9-C24F2B9F44CE}</UniqueIdentifier>
    </Filter>
    <Filter Include="Source\Core">
      <UniqueIdentifier>{403BA268-673A-4F91-97BB-2A99A2239770}</UniqueIdentifier>
    </Filter>
    <Filter Include="Source\Core\Alog">
      <UniqueIdentifier>{F570B8CA-3472-45A5-B54B-B52831EB20C7}</UniqueIdentifier>
    </Filter>
    <Filter Include="Source\Core\Concept">
      <UniqueIdentifier>{CAC753FA-F1F3-47F9-B97A-616BB3B34707}</UniqueIdentifier>
    </Filter>
    <Filter Include="Source\Core\Container">
      <UniqueIdentifier>{E82D2069-ECF4-407C-9A19-CFA2A05B8908}</UniqueIdentifier>
    </Filter>
    <Filter Include="Source\Core\Container\Allocator">
      <UniqueIdentifier>{D0CE056E-F54D-47F8-8F8F-A789C8CFA5F0}</UniqueIdentifier>
    </Filter>
    <Filter Include="Source\Core\Container\Iterator">
      <UniqueIdentifier>{EA6739B1-4129-4EE9-8922-3BBE86240686}</UniqueIdentifier>
    </Filter>
    <Filter Include="Source\Core\Diagnosis">
      <UniqueIdentifier>{D5F0D99E-EE3C-4FE9-8199-DC08B976313B}</UniqueIdentifier>
    </Filter>
    <Filter Include="Source\Core\Math">
      <UniqueIdentifier>{B444B4EC-240C-4959-9063-FF53A03E3EFF}</UniqueIdentifier>
    </Filter>
    <Filter Include="Source\Core\Memory">
      <UniqueIdentifier>{5AD0C2C8-7CBA-4F88-865D-FE41C684992A}</UniqueIdentifier>
    </Filter>
    <Filter Include="Source\Core\String">
      <UniqueIdentifier>{218CC711-738F-4F71-A590-4CAD546F4B93}</UniqueIdentifier>
    </Filter>
    <Filter Include="Source\Core\Thread">
      <UniqueIdentifier>{4BF50084-1223-498C-9A46-7A11514CA74C}</UniqueIdentifier>
    </Filter>
    <Filter Include="Source\Core\Time">
      <UniqueIdentifier>{B6F08AE4-46D6-4E62-BBC4-FFD17199BC94}</UniqueIdentifier>
    </Filter>
    <Filter Include="Source\Function">
      <UniqueIdentifier>{2AC6D8D0-456D-4B9E-9B9D-967EF3CEEC91}</UniqueIdentifier>
    </Filter>
    <Filter Include="Source\Function\Clipboard">
      <UniqueIdentifier>{EBE3BEFD-FEE5-4F39-81FC-06463D4C825A}</UniqueIdentifier>
    </Filter>
    <Filter Include="Source\Function\Color">
      <UniqueIdentifier>{A7866F61-DB14-438C-A3EA-09D3C72E11F6}</UniqueIdentifier>
    </Filter>
    <Filter Include="Source\Function\Config">
      <UniqueIdentifier>{20F06BC0-2F1F-44BC-AF46-C46E37453555}</UniqueIdentifier>
    </Filter>
    <Filter Include="Source\Function\Console">
      <UniqueIdentifier>{16482FDF-F1B0-4844-BD7D-744C1B8B29AA}</UniqueIdentifier>
    </Filter>
    <Filter Include="Source\Function\ConsoleOld">
      <UniqueIdentifier>{660D5C83-7222-4A8B-9501-09BE70AB32DA}</UniqueIdentifier>
    </Filter>
    <Filter Include="Source\Function\ConsoleOld\Windows1">
      <UniqueIdentifier>{3C20374B-FBD9-44F4-8460-D2E09F61B127}</UniqueIdentifier>
    </Filter>
    <Filter Include="Source\Function\Console\Windows">
      <UniqueIdentifier>{B4F28A25-BEEB-46B3-B8EB-EA347985A9CC}</UniqueIdentifier>
    </Filter>
    <Filter Include="Source\Function\DateTime">
      <UniqueIdentifier>{251E39A9-1255-4AE1-8AE0-EF3A0F87364E}</UniqueIdentifier>
    </Filter>
    <Filter Include="Source\Function\Device">
      <UniqueIdentifier>{9F5480A9-848C-4869-9E61-8ACEE9D9E569}</UniqueIdentifier>
    </Filter>
    <Filter Include="Source\Function\Device\InputDevice">
      <UniqueIdentifier>{F195EC9E-945E-48F1-830B-C62D431AA63C}</UniqueIdentifier>
    </Filter>
    <Filter Include="Source\Function\Event">
      <UniqueIdentifier>{D1568CC8-73EA-4B50-BF31-A97B30982D17}</UniqueIdentifier>
    </Filter>
    <Filter Include="Source\Function\FileSystem">
      <UniqueIdentifier>{27BBE2AF-66D8-4801-BC0A-D352D445CCBA}</UniqueIdentifier>
    </Filter>
    <Filter Include="Source\Function\GUID">
      <UniqueIdentifier>{146D6B53-5D3A-41FA-B325-26E5A424D2AA}</UniqueIdentifier>
    </Filter>
    <Filter Include="Source\Function\Input">
      <UniqueIdentifier>{DEE186FC-BB0D-4743-9F47-FB5C0F051370}</UniqueIdentifier>
    </Filter>
    <Filter Include="Source\Function\JSON">
      <UniqueIdentifier>{4409A35C-50D6-4D5D-B3EC-E0192436EE62}</UniqueIdentifier>
    </Filter>
    <Filter Include="Source\Function\Log">
      <UniqueIdentifier>{E0DEBF2B-A75C-4BF9-AAFD-30C0CB5ED0BE}</UniqueIdentifier>
    </Filter>
    <Filter Include="Source\Function\Resource">
      <UniqueIdentifier>{A0ADC10F-0162-40D6-B821-E3157C319713}</UniqueIdentifier>
    </Filter>
    <Filter Include="Source\Function\Settings">
      <UniqueIdentifier>{9973FF26-A2A6-4C7B-9D6C-4E3355264DC6}</UniqueIdentifier>
    </Filter>
    <Filter Include="Source\Function\SystemTray">
      <UniqueIdentifier>{25CB31CC-096D-414F-9697-C6FB0C8D01F9}</UniqueIdentifier>
    </Filter>
    <Filter Include="Source\Function\Taskbar">
      <UniqueIdentifier>{BDE1BEA6-B3BA-47DC-AFDA-D0D7CA26A091}</UniqueIdentifier>
    </Filter>
    <Filter Include="Source\Function\Window">
      <UniqueIdentifier>{8D941B0F-6D19-4553-A16D-E40E714AB86C}</UniqueIdentifier>
    </Filter>
    <Filter Include="Source\Function\Window\Windows">
      <UniqueIdentifier>{6C2C011C-D321-4AE5-9E61-F3FED1837DA3}</UniqueIdentifier>
    </Filter>
    <Filter Include="Source\Platform">
      <UniqueIdentifier>{C020D25B-E76E-4CF8-A251-F2914A22CDEC}</UniqueIdentifier>
    </Filter>
    <Filter Include="Source\Platform\Windows">
      <UniqueIdentifier>{4AF40CB8-9B23-444E-B9B6-C06CF76E5E2A}</UniqueIdentifier>
    </Filter>
    <Filter Include="Source\Service">
      <UniqueIdentifier>{0212E431-8C0B-4192-BF40-9783E2B9ED63}</UniqueIdentifier>
    </Filter>
    <Filter Include="Source\Service\FrameService">
      <UniqueIdentifier>{10216931-F564-4956-B588-F87A824B9F5E}</UniqueIdentifier>
    </Filter>
    <Filter Include="Source\Service\Module">
      <UniqueIdentifier>{9685543F-75B1-4C47-B5E4-7D4C2683CCE5}</UniqueIdentifier>
    </Filter>
    <Filter Include="Source\Service\WindowService">
      <UniqueIdentifier>{F5813989-8CA6-40CD-934F-8E5428750F46}</UniqueIdentifier>
    </Filter>
  </ItemGroup>
  <ItemGroup>
    <None Include="$(MSBuildProjectDirectory)\Xmake.Custom.props">
      <Filter>Properties</Filter>
    </None>
    <None Include="$(MSBuildProjectDirectory)\Xmake.Custom.targets">
      <Filter>Properties</Filter>
    </None>
    <None Include="$(MSBuildProjectDirectory)\Xmake.Custom.items">
      <Filter>Properties</Filter>
    </None>
    <None Include="$(MSBuildProjectDirectory)\Xmake.Custom.items.filters">
      <Filter>Properties</Filter>
    </None>
  </ItemGroup>
  <ItemGroup>
    <ClInclude Include="$(XmakeProjectDir)\Engine\Source\Application\Application.h">
      <Filter>Source\Application</Filter>
    </ClInclude>
    <ClInclude Include="$(XmakeProjectDir)\Engine\Source\Application\Engine\Engine.h">
      <Filter>Source\Application\Engine</Filter>
    </ClInclude>
    <ClInclude Include="$(XmakeProjectDir)\Engine\Source\Core\Alog\Alog.h">
      <Filter>Source\Core\Alog</Filter>
    </ClInclude>
    <ClInclude Include="$(XmakeProjectDir)\Engine\Source\Core\Concept\Concept.h">
      <Filter>Source\Core\Concept</Filter>
    </ClInclude>
    <ClInclude Include="$(XmakeProjectDir)\Engine\Source\Core\Container\Allocator\Allocator.h">
      <Filter>Source\Core\Container\Allocator</Filter>
    </ClInclude>
    <ClInclude Include="$(XmakeProjectDir)\Engine\Source\Core\Container\Array.h">
      <Filter>Source\Core\Container</Filter>
    </ClInclude>
    <ClInclude Include="$(XmakeProjectDir)\Engine\Source\Core\Container\Iterator\Iterator.h">
      <Filter>Source\Core\Container\Iterator</Filter>
    </ClInclude>
    <ClInclude Include="$(XmakeProjectDir)\Engine\Source\Core\Container\List.h">
      <Filter>Source\Core\Container</Filter>
    </ClInclude>
    <ClInclude Include="$(XmakeProjectDir)\Engine\Source\Core\Container\Map.h">
      <Filter>Source\Core\Container</Filter>
    </ClInclude>
    <ClInclude Include="$(XmakeProjectDir)\Engine\Source\Core\Container\Queue.h">
      <Filter>Source\Core\Container</Filter>
    </ClInclude>
    <ClInclude Include="$(XmakeProjectDir)\Engine\Source\Core\Container\Stack.h">
      <Filter>Source\Core\Container</Filter>
    </ClInclude>
    <ClInclude Include="$(XmakeProjectDir)\Engine\Source\Core\Core.h">
      <Filter>Source\Core</Filter>
    </ClInclude>
    <ClInclude Include="$(XmakeProjectDir)\Engine\Source\Core\Diagnosis\SourceInfo.h">
      <Filter>Source\Core\Diagnosis</Filter>
    </ClInclude>
    <ClInclude Include="$(XmakeProjectDir)\Engine\Source\Core\Math\Math.h">
      <Filter>Source\Core\Math</Filter>
    </ClInclude>
    <ClInclude Include="$(XmakeProjectDir)\Engine\Source\Core\Math\Radian.h">
      <Filter>Source\Core\Math</Filter>
    </ClInclude>
    <ClInclude Include="$(XmakeProjectDir)\Engine\Source\Core\Math\Vector3.h">
      <Filter>Source\Core\Math</Filter>
    </ClInclude>
    <ClInclude Include="$(XmakeProjectDir)\Engine\Source\Core\Math\Vector4.h">
      <Filter>Source\Core\Math</Filter>
    </ClInclude>
    <ClInclude Include="$(XmakeProjectDir)\Engine\Source\Core\Memory\ByteArray.h">
      <Filter>Source\Core\Memory</Filter>
    </ClInclude>
    <ClInclude Include="$(XmakeProjectDir)\Engine\Source\Core\Memory\Memory.h">
      <Filter>Source\Core\Memory</Filter>
    </ClInclude>
    <ClInclude Include="$(XmakeProjectDir)\Engine\Source\Core\Memory\RAII.h">
      <Filter>Source\Core\Memory</Filter>
    </ClInclude>
    <ClInclude Include="$(XmakeProjectDir)\Engine\Source\Core\String\Char.h">
      <Filter>Source\Core\String</Filter>
    </ClInclude>
    <ClInclude Include="$(XmakeProjectDir)\Engine\Source\Core\String\Convert.h">
      <Filter>Source\Core\String</Filter>
    </ClInclude>
    <ClInclude Include="$(XmakeProjectDir)\Engine\Source\Core\String\String.h">
      <Filter>Source\Core\String</Filter>
    </ClInclude>
    <ClInclude Include="$(XmakeProjectDir)\Engine\Source\Core\String\TString.h">
      <Filter>Source\Core\String</Filter>
    </ClInclude>
    <ClInclude Include="$(XmakeProjectDir)\Engine\Source\Core\Thread\Mutex.h">
      <Filter>Source\Core\Thread</Filter>
    </ClInclude>
    <ClInclude Include="$(XmakeProjectDir)\Engine\Source\Core\Thread\Semaphore.h">
      <Filter>Source\Core\Thread</Filter>
    </ClInclude>
    <ClInclude Include="$(XmakeProjectDir)\Engine\Source\Core\Thread\Thread.h">
      <Filter>Source\Core\Thread</Filter>
    </ClInclude>
    <ClInclude Include="$(XmakeProjectDir)\Engine\Source\Core\Thread\WaitCondition.h">
      <Filter>Source\Core\Thread</Filter>
    </ClInclude>
    <ClInclude Include="$(XmakeProjectDir)\Engine\Source\Core\Time\Clock.h">
      <Filter>Source\Core\Time</Filter>
    </ClInclude>
    <ClInclude Include="$(XmakeProjectDir)\Engine\Source\Core\Time\Duration.h">
      <Filter>Source\Core\Time</Filter>
    </ClInclude>
    <ClInclude Include="$(XmakeProjectDir)\Engine\Source\Core\Time\Time.h">
      <Filter>Source\Core\Time</Filter>
    </ClInclude>
    <ClInclude Include="$(XmakeProjectDir)\Engine\Source\Core\Time\TimePoint.h">
      <Filter>Source\Core\Time</Filter>
    </ClInclude>
    <ClInclude Include="$(XmakeProjectDir)\Engine\Source\Function\Clipboard\Clipboard.h">
      <Filter>Source\Function\Clipboard</Filter>
    </ClInclude>
    <ClInclude Include="$(XmakeProjectDir)\Engine\Source\Function\Color\Color.h">
      <Filter>Source\Function\Color</Filter>
    </ClInclude>
    <ClInclude Include="$(XmakeProjectDir)\Engine\Source\Function\Config\Config.h">
      <Filter>Source\Function\Config</Filter>
    </ClInclude>
    <ClInclude Include="$(XmakeProjectDir)\Engine\Source\Function\ConsoleOld\Console1.h">
      <Filter>Source\Function\ConsoleOld</Filter>
    </ClInclude>
    <ClInclude Include="$(XmakeProjectDir)\Engine\Source\Function\ConsoleOld\Windows1\WindowsConsole1.h">
      <Filter>Source\Function\ConsoleOld\Windows1</Filter>
    </ClInclude>
    <ClInclude Include="$(XmakeProjectDir)\Engine\Source\Function\Console\Console.h">
      <Filter>Source\Function\Console</Filter>
    </ClInclude>
    <ClInclude Include="$(XmakeProjectDir)\Engine\Source\Function\Console\Windows\WindowsConsole.h">
      <Filter>Source\Function\Console\Windows</Filter>
    </ClInclude>
    <ClInclude Include="$(XmakeProjectDir)\Engine\Source\Function\DateTime\DateTime.h">
      <Filter>Source\Function\DateTime</Filter>
    </ClInclude>
    <ClInclude Include="$(XmakeProjectDir)\Engine\Source\Function\Device\Device.h">
      <Filter>Source\Function\Device</Filter>
    </ClInclude>
    <ClInclude Include="$(XmakeProjectDir)\Engine\Source\Function\Device\InputDevice\InputDevice.h">
      <Filter>Source\Function\Device\InputDevice</Filter>
    </ClInclude>
    <ClInclude Include="$(XmakeProjectDir)\Engine\Source\Function\Event\Event.h">
      <Filter>Source\Function\Event</Filter>
    </ClInclude>
    <ClInclude Include="$(XmakeProjectDir)\Engine\Source\Function\FileSystem\DeviceFile.h">
      <Filter>Source\Function\FileSystem</Filter>
    </ClInclude>
    <ClInclude Include="$(XmakeProjectDir)\Engine\Source\Function\FileSystem\Directory.h">
      <Filter>Source\Function\FileSystem</Filter>
    </ClInclude>
    <ClInclude Include="$(XmakeProjectDir)\Engine\Source\Function\FileSystem\FIFOFile.h">
      <Filter>Source\Function\FileSystem</Filter>
    </ClInclude>
    <ClInclude Include="$(XmakeProjectDir)\Engine\Source\Function\FileSystem\File.h">
      <Filter>Source\Function\FileSystem</Filter>
    </ClInclude>
    <ClInclude Include="$(XmakeProjectDir)\Engine\Source\Function\FileSystem\FileEntry.h">
      <Filter>Source\Function\FileSystem</Filter>
    </ClInclude>
    <ClInclude Include="$(XmakeProjectDir)\Engine\Source\Function\FileSystem\FileSystem.h">
      <Filter>Source\Function\FileSystem</Filter>
    </ClInclude>
    <ClInclude Include="$(XmakeProjectDir)\Engine\Source\Function\FileSystem\SocketFile.h">
      <Filter>Source\Function\FileSystem</Filter>
    </ClInclude>
    <ClInclude Include="$(XmakeProjectDir)\Engine\Source\Function\FileSystem\Symlink.h">
      <Filter>Source\Function\FileSystem</Filter>
    </ClInclude>
    <ClInclude Include="$(XmakeProjectDir)\Engine\Source\Function\GUID\GUID.h">
      <Filter>Source\Function\GUID</Filter>
    </ClInclude>
    <ClInclude Include="$(XmakeProjectDir)\Engine\Source\Function\GlobalModule.h">
      <Filter>Source\Function</Filter>
    </ClInclude>
    <ClInclude Include="$(XmakeProjectDir)\Engine\Source\Function\Input\Input.h">
      <Filter>Source\Function\Input</Filter>
    </ClInclude>
    <ClInclude Include="$(XmakeProjectDir)\Engine\Source\Function\JSON\JSON.h">
      <Filter>Source\Function\JSON</Filter>
    </ClInclude>
    <ClInclude Include="$(XmakeProjectDir)\Engine\Source\Function\Log\Log.h">
      <Filter>Source\Function\Log</Filter>
    </ClInclude>
    <ClInclude Include="$(XmakeProjectDir)\Engine\Source\Function\Resource\Image.h">
      <Filter>Source\Function\Resource</Filter>
    </ClInclude>
    <ClInclude Include="$(XmakeProjectDir)\Engine\Source\Function\Settings\Settings.h">
      <Filter>Source\Function\Settings</Filter>
    </ClInclude>
    <ClInclude Include="$(XmakeProjectDir)\Engine\Source\Function\SystemTray\SystemTray.h">
      <Filter>Source\Function\SystemTray</Filter>
    </ClInclude>
    <ClInclude Include="$(XmakeProjectDir)\Engine\Source\Function\Taskbar\Taskbar.h">
      <Filter>Source\Function\Taskbar</Filter>
    </ClInclude>
    <ClInclude Include="$(XmakeProjectDir)\Engine\Source\Function\Window\Window.h">
      <Filter>Source\Function\Window</Filter>
    </ClInclude>
    <ClInclude Include="$(XmakeProjectDir)\Engine\Source\Function\Window\Windows\WindowsWindow.h">
      <Filter>Source\Function\Window\Windows</Filter>
    </ClInclude>
    <ClInclude Include="$(XmakeProjectDir)\Engine\Source\Platform\CoreType.h">
      <Filter>Source\Platform</Filter>
    </ClInclude>
    <ClInclude Include="$(XmakeProjectDir)\Engine\Source\Platform\Platform.h">
      <Filter>Source\Platform</Filter>
    </ClInclude>
    <ClInclude Include="$(XmakeProjectDir)\Engine\Source\Platform\Windows\WindowsPlatform.h">
      <Filter>Source\Platform\Windows</Filter>
    </ClInclude>
    <ClInclude Include="$(XmakeProjectDir)\Engine\Source\Service\FrameService\FrameService.h">
      <Filter>Source\Service\FrameService</Filter>
    </ClInclude>
    <ClInclude Include="$(XmakeProjectDir)\Engine\Source\Service\Service.h">
      <Filter>Source\Service</Filter>
    </ClInclude>
    <ClInclude Include="$(XmakeProjectDir)\Engine\Source\Service\WindowService\WindowService.h">
      <Filter>Source\Service\WindowService</Filter>
    </ClInclude>
    <ClInclude Include="$(XmakeProjectDir)\Engine\Source\pch.h">
      <Filter>Source</Filter>
    </ClInclude>
    <ClInclude Include="Source\Service\GlobalService.h" />
    <ClInclude Include="Source\Service\RenderService\RenderService.h" />
    <ClInclude Include="Source\Function\RHI\RHI.h" />
    <ClInclude Include="Source\Function\RHI\Vulkan\VulkanRHI.h" />
  </ItemGroup>
  <ItemGroup>
    <ClCompile Include="$(XmakeProjectDir)\Engine\Source\Application\Application.cpp">
      <Filter>Source\Application</Filter>
    </ClCompile>
    <ClCompile Include="$(XmakeProjectDir)\Engine\Source\Application\Engine\Engine.cpp">
      <Filter>Source\Application\Engine</Filter>
    </ClCompile>
    <ClCompile Include="$(XmakeProjectDir)\Engine\Source\Application\Launch\Windows\WindowsLaunch.cpp">
      <Filter>Source\Application\Launch\Windows</Filter>
    </ClCompile>
    <ClCompile Include="$(XmakeProjectDir)\Engine\Source\Core\Memory\ByteArray.cpp">
      <Filter>Source\Core\Memory</Filter>
    </ClCompile>
    <ClCompile Include="$(XmakeProjectDir)\Engine\Source\Core\String\Char.cpp">
      <Filter>Source\Core\String</Filter>
    </ClCompile>
    <ClCompile Include="$(XmakeProjectDir)\Engine\Source\Core\String\Convert.cpp">
      <Filter>Source\Core\String</Filter>
    </ClCompile>
    <ClCompile Include="$(XmakeProjectDir)\Engine\Source\Core\String\String.cpp">
      <Filter>Source\Core\String</Filter>
    </ClCompile>
    <ClCompile Include="$(XmakeProjectDir)\Engine\Source\Function\ConsoleOld\Console1.cpp">
      <Filter>Source\Function\ConsoleOld</Filter>
    </ClCompile>
    <ClCompile Include="$(XmakeProjectDir)\Engine\Source\Function\ConsoleOld\Windows1\WindowsConsole1.cpp">
      <Filter>Source\Function\ConsoleOld\Windows1</Filter>
    </ClCompile>
    <ClCompile Include="$(XmakeProjectDir)\Engine\Source\Function\Console\Console.cpp">
      <Filter>Source\Function\Console</Filter>
    </ClCompile>
    <ClCompile Include="$(XmakeProjectDir)\Engine\Source\Function\Console\Windows\WindowsConsole.cpp">
      <Filter>Source\Function\Console\Windows</Filter>
    </ClCompile>
    <ClCompile Include="$(XmakeProjectDir)\Engine\Source\Function\FileSystem\FileSystem.cpp">
      <Filter>Source\Function\FileSystem</Filter>
    </ClCompile>
    <ClCompile Include="$(XmakeProjectDir)\Engine\Source\Function\Input\Input.cpp">
      <Filter>Source\Function\Input</Filter>
    </ClCompile>
    <ClCompile Include="$(XmakeProjectDir)\Engine\Source\Function\Settings\Settings.cpp">
      <Filter>Source\Function\Settings</Filter>
    </ClCompile>
    <ClCompile Include="$(XmakeProjectDir)\Engine\Source\Function\Window\Window.cpp">
      <Filter>Source\Function\Window</Filter>
    </ClCompile>
    <ClCompile Include="$(XmakeProjectDir)\Engine\Source\Function\Window\Windows\WindowsWindow.cpp">
      <Filter>Source\Function\Window\Windows</Filter>
    </ClCompile>
    <ClCompile Include="$(XmakeProjectDir)\Engine\Source\Platform\Windows\WindowsPlatform.cpp">
      <Filter>Source\Platform\Windows</Filter>
    </ClCompile>
    <ClCompile Include="$(XmakeProjectDir)\Engine\Source\Service\FrameService\FrameService.cpp">
      <Filter>Source\Service\FrameService</Filter>
    </ClCompile>
    <ClCompile Include="$(XmakeProjectDir)\Engine\Source\Service\WindowService\WindowService.cpp">
      <Filter>Source\Service\WindowService</Filter>
    </ClCompile>
    <ClCompile Include="$(XmakeProjectDir)\Engine\Source\pch.cpp">
      <Filter>Source</Filter>
    </ClCompile>
    <ClCompile Include="Source\Function\DateTime\DateTime.cpp" />
    <ClCompile Include="Source\Service\RenderService\RenderService.cpp" />
    <ClCompile Include="Source\Function\RHI\RHI.cpp" />
    <ClCompile Include="Source\Function\RHI\Vulkan\VulkanRHI.cpp" />
  </ItemGroup>
  <ItemGroup>
  </ItemGroup>
  <ItemGroup>
  </ItemGroup>
  <Import Condition="Exists('$(MSBuildThisFileDirectory)\Xmake.Custom.files.filters')" Project="$(MSBuildThisFileDirectory)\Xmake.Custom.files.filters" />
</Project>